
Microsoft Visual Studio Solution File, Format Version 12.00
# Visual Studio Version 16
VisualStudioVersion = 16.0.33027.164
MinimumVisualStudioVersion = 10.0.40219.1
Project("{FAE04EC0-301F-11D3-BF4B-00C04F79EFBC}") = "Questao2", "Questao2.csproj", "{058C0133-0861-4FD2-985A-C0BC8D72B10B}"
EndProject
Global
	GlobalSection(SolutionConfigurationPlatforms) = preSolution
		Debug|Any CPU = Debug|Any CPU
		Release|Any CPU = Release|Any CPU
	EndGlobalSection
	GlobalSection(ProjectConfigurationPlatforms) = postSolution
		{058C0133-0861-4FD2-985A-C0BC8D72B10B}.Debug|Any CPU.ActiveCfg = Debug|Any CPU
		{058C0133-0861-4FD2-985A-C0BC8D72B10B}.Debug|Any CPU.Build.0 = Debug|Any CPU
		{058C0133-0861-4FD2-985A-C0BC8D72B10B}.Release|Any CPU.ActiveCfg = Release|Any CPU
		{058C0133-0861-4FD2-985A-C0BC8D72B10B}.Release|Any CPU.Build.0 = Release|Any CPU
	EndGlobalSection
	GlobalSection(SolutionProperties) = preSolution
		HideSolutionNode = FALSE
	EndGlobalSection
	GlobalSection(ExtensibilityGlobals) = postSolution
		SolutionGuid = {C22B6AE9-C7DD-44DB-BA66-DBF0A53842EB}
	EndGlobalSection
EndGlobal
