
Microsoft Visual Studio Solution File, Format Version 12.00
# Visual Studio Version 16
VisualStudioVersion = 16.0.33027.164
MinimumVisualStudioVersion = 10.0.40219.1
Project("{FAE04EC0-301F-11D3-BF4B-00C04F79EFBC}") = "Questao6", "Questao6.csproj", "{CBC9AEB9-23DE-4CCB-8BB2-831BBE3FF58C}"
EndProject
Global
	GlobalSection(SolutionConfigurationPlatforms) = preSolution
		Debug|Any CPU = Debug|Any CPU
		Release|Any CPU = Release|Any CPU
	EndGlobalSection
	GlobalSection(ProjectConfigurationPlatforms) = postSolution
		{CBC9AEB9-23DE-4CCB-8BB2-831BBE3FF58C}.Debug|Any CPU.ActiveCfg = Debug|Any CPU
		{CBC9AEB9-23DE-4CCB-8BB2-831BBE3FF58C}.Debug|Any CPU.Build.0 = Debug|Any CPU
		{CBC9AEB9-23DE-4CCB-8BB2-831BBE3FF58C}.Release|Any CPU.ActiveCfg = Release|Any CPU
		{CBC9AEB9-23DE-4CCB-8BB2-831BBE3FF58C}.Release|Any CPU.Build.0 = Release|Any CPU
	EndGlobalSection
	GlobalSection(SolutionProperties) = preSolution
		HideSolutionNode = FALSE
	EndGlobalSection
	GlobalSection(ExtensibilityGlobals) = postSolution
		SolutionGuid = {8E325765-31C3-4CFA-A974-8DCD3415495F}
	EndGlobalSection
EndGlobal
